{
  "name": "mypackage",
  "version": "0.0.1",
  "lockfileVersion": 1,
  "requires": true,
  "dependencies": {
    "@types/body-parser": {
      "version": "1.17.0",
      "resolved": "https://nutanix.jfrog.io/nutanix/api/npm/npm-virtual/@types/body-parser/-/body-parser-1.17.0.tgz",
      "integrity": "sha1-n1ydm9BLtUvjLV65/A2Ml05s9Yw=",
      "requires": {
        "@types/connect": "*",
        "@types/node": "*"
      }
    },
    "@types/bson": {
      "version": "4.0.0",
      "resolved": "https://nutanix.jfrog.io/nutanix/api/npm/npm-virtual/@types/bson/-/bson-4.0.0.tgz",
      "integrity": "sha1-kHN3JnnXSRFusd/KVvjqrG1ZzHo=",
      "requires": {
        "@types/node": "*"
      }
    },
    "@types/connect": {
      "version": "3.4.32",
      "resolved": "https://nutanix.jfrog.io/nutanix/api/npm/npm-virtual/@types/connect/-/connect-3.4.32.tgz",
      "integrity": "sha1-qg6WFrlDXMrQK8UrW0VP/Cxwuig=",
      "requires": {
        "@types/node": "*"
      }
    },
    "@types/express": {
      "version": "4.16.1",
      "resolved": "https://nutanix.jfrog.io/nutanix/api/npm/npm-virtual/@types/express/-/express-4.16.1.tgz",
      "integrity": "sha1-11a9GoXDTYfq9EyIi60nuopLfPA=",
      "requires": {
        "@types/body-parser": "*",
        "@types/express-serve-static-core": "*",
        "@types/serve-static": "*"
      }
    },
    "@types/express-serve-static-core": {
      "version": "4.16.4",
      "resolved": "https://nutanix.jfrog.io/nutanix/api/npm/npm-virtual/@types/express-serve-static-core/-/express-serve-static-core-4.16.4.tgz",
      "integrity": "sha1-VruL5FWUAdaK9KNiSundMWYQPmA=",
      "requires": {
        "@types/node": "*",
        "@types/range-parser": "*"
      }
    },
    "@types/js-yaml": {
      "version": "3.12.1",
      "resolved": "https://nutanix.jfrog.io/nutanix/api/npm/npm-virtual/@types/js-yaml/-/js-yaml-3.12.1.tgz",
      "integrity": "sha1-XG9KHqvKhHkvvZFvDLQIR/EjxlY="
    },
    "@types/lodash": {
      "version": "4.14.129",
      "resolved": "https://nutanix.jfrog.io/nutanix/api/npm/npm-virtual/@types/lodash/-/lodash-4.14.129.tgz",
      "integrity": "sha1-mqyjkdsSaAJIJlXEjdeagUSIIC8="
    },
    "@types/mime": {
      "version": "2.0.1",
      "resolved": "https://nutanix.jfrog.io/nutanix/api/npm/npm-virtual/@types/mime/-/mime-2.0.1.tgz",
      "integrity": "sha1-3EiIQjEqfwdRSTEpBbXjwLBUx50="
    },
    "@types/mongodb": {
      "version": "3.1.27",
      "resolved": "https://nutanix.jfrog.io/nutanix/api/npm/npm-virtual/@types/mongodb/-/mongodb-3.1.27.tgz",
      "integrity": "sha1-mJqYFfM/K+YBoIuYJHmjbhOVObY=",
      "requires": {
        "@types/bson": "*",
        "@types/node": "*"
      }
    },
    "@types/morgan": {
      "version": "1.7.35",
      "resolved": "https://nutanix.jfrog.io/nutanix/api/npm/npm-virtual/@types/morgan/-/morgan-1.7.35.tgz",
      "integrity": "sha1-Y1j1ApMcwlg9epQkjEFRi6pohJQ=",
      "requires": {
        "@types/express": "*"
      }
    },
    "@types/node": {
      "version": "10.14.7",
      "resolved": "https://nutanix.jfrog.io/nutanix/api/npm/npm-virtual/@types/node/-/node-10.14.7.tgz",
      "integrity": "sha1-GFTwqaqNLNaBjWB7PQkTRsZzA2I="
    },
    "@types/range-parser": {
      "version": "1.2.3",
      "resolved": "https://nutanix.jfrog.io/nutanix/api/npm/npm-virtual/@types/range-parser/-/range-parser-1.2.3.tgz",
      "integrity": "sha1-fuMwunyq+5gJC+zoal7kQRWQTCw="
    },
    "@types/serve-static": {
      "version": "1.13.2",
      "resolved": "https://nutanix.jfrog.io/nutanix/api/npm/npm-virtual/@types/serve-static/-/serve-static-1.13.2.tgz",
      "integrity": "sha1-9axNemQgqZpqRa9HGfTc2M2Qekg=",
      "requires": {
        "@types/express-serve-static-core": "*",
        "@types/mime": "*"
      }
    },
    "@types/uuid": {
      "version": "3.4.4",
      "resolved": "https://nutanix.jfrog.io/nutanix/api/npm/npm-virtual/@types/uuid/-/uuid-3.4.4.tgz",
      "integrity": "sha1-evaTYPpl7w3stB/RUL9MpcDO/fU=",
      "requires": {
        "@types/node": "*"
      }
    },
    "accepts": {
      "version": "1.3.7",
      "resolved": "https://nutanix.jfrog.io/nutanix/api/npm/npm-virtual/accepts/-/accepts-1.3.7.tgz",
      "integrity": "sha1-UxvHJlF6OytB+FACHGzBXqq1B80=",
      "requires": {
        "mime-types": "~2.1.24",
        "negotiator": "0.6.2"
      }
    },
    "ansi-regex": {
      "version": "2.1.1",
      "resolved": "https://nutanix.jfrog.io/nutanix/api/npm/npm-virtual/ansi-regex/-/ansi-regex-2.1.1.tgz",
      "integrity": "sha1-w7M6te42DYbg5ijwRorn7yfWVN8="
    },
    "ansi-styles": {
      "version": "2.2.1",
      "resolved": "https://nutanix.jfrog.io/nutanix/api/npm/npm-virtual/ansi-styles/-/ansi-styles-2.2.1.tgz",
      "integrity": "sha1-tDLdM1i2NM914eRmQ2gkBTPB3b4="
    },
    "argparse": {
      "version": "1.0.10",
      "resolved": "https://nutanix.jfrog.io/nutanix/api/npm/npm-virtual/argparse/-/argparse-1.0.10.tgz",
      "integrity": "sha1-vNZ5HqWuCXJeF+WtmIE0zUCz2RE=",
      "requires": {
        "sprintf-js": "~1.0.2"
      }
    },
    "array-flatten": {
      "version": "1.1.1",
      "resolved": "https://nutanix.jfrog.io/nutanix/api/npm/npm-virtual/array-flatten/-/array-flatten-1.1.1.tgz",
      "integrity": "sha1-ml9pkFGx5wczKPKgCJaLZOopVdI="
    },
    "axios": {
      "version": "0.18.0",
      "resolved": "https://nutanix.jfrog.io/nutanix/api/npm/npm-virtual/axios/-/axios-0.18.0.tgz",
      "integrity": "sha1-MtU+SFHv3AoRmTts0AB4nXDAUQI=",
      "requires": {
        "follow-redirects": "^1.3.0",
        "is-buffer": "^1.1.5"
      }
    },
    "basic-auth": {
      "version": "2.0.1",
      "resolved": "https://nutanix.jfrog.io/nutanix/api/npm/npm-virtual/basic-auth/-/basic-auth-2.0.1.tgz",
      "integrity": "sha1-uZgnm/R844NEtPPPkW1Gebv1Hjo=",
      "requires": {
        "safe-buffer": "5.1.2"
      }
    },
    "body-parser": {
      "version": "1.19.0",
      "resolved": "https://nutanix.jfrog.io/nutanix/api/npm/npm-virtual/body-parser/-/body-parser-1.19.0.tgz",
      "integrity": "sha1-lrJwnlfJxOCab9Zqj9l5hE9p8Io=",
      "requires": {
        "bytes": "3.1.0",
        "content-type": "~1.0.4",
        "debug": "2.6.9",
        "depd": "~1.1.2",
        "http-errors": "1.7.2",
        "iconv-lite": "0.4.24",
        "on-finished": "~2.3.0",
        "qs": "6.7.0",
        "raw-body": "2.4.0",
        "type-is": "~1.6.17"
      },
      "dependencies": {
        "debug": {
          "version": "2.6.9",
          "resolved": "https://nutanix.jfrog.io/nutanix/api/npm/npm-virtual/debug/-/debug-2.6.9.tgz",
          "integrity": "sha1-XRKFFd8TT/Mn6QpMk/Tgd6U2NB8=",
          "requires": {
            "ms": "2.0.0"
          }
        },
        "ms": {
          "version": "2.0.0",
          "resolved": "https://nutanix.jfrog.io/nutanix/api/npm/npm-virtual/ms/-/ms-2.0.0.tgz",
          "integrity": "sha1-VgiurfwAvmwpAd9fmGF4jeDVl8g="
        }
      }
    },
    "boom": {
      "version": "7.3.0",
      "resolved": "https://nutanix.jfrog.io/nutanix/api/npm/npm-virtual/boom/-/boom-7.3.0.tgz",
      "integrity": "sha1-czptlW0zsLGZnaP+bBKZaVDQF7k=",
      "requires": {
        "hoek": "6.x.x"
      },
      "dependencies": {
        "hoek": {
          "version": "6.1.3",
          "resolved": "https://nutanix.jfrog.io/nutanix/api/npm/npm-virtual/hoek/-/hoek-6.1.3.tgz",
          "integrity": "sha1-c7fTOVLgH+J6OLBFcpS3ndjaJCw="
        }
      }
    },
    "bourne": {
      "version": "1.1.2",
      "resolved": "https://nutanix.jfrog.io/nutanix/api/npm/npm-virtual/bourne/-/bourne-1.1.2.tgz",
      "integrity": "sha1-4pC1vXFmY1Yy6vjvErAGstSnW4M="
    },
    "bson": {
      "version": "1.1.1",
      "resolved": "https://nutanix.jfrog.io/nutanix/api/npm/npm-virtual/bson/-/bson-1.1.1.tgz",
      "integrity": "sha1-QzD16ZEExOdR5zUYWeLUCCefLxM="
    },
    "buffer-equal-constant-time": {
      "version": "1.0.1",
      "resolved": "https://nutanix.jfrog.io/nutanix/api/npm/npm-virtual/buffer-equal-constant-time/-/buffer-equal-constant-time-1.0.1.tgz",
      "integrity": "sha1-+OcRMvf/5uAaXJaXpMbz5I1cyBk="
    },
    "bytes": {
      "version": "3.1.0",
      "resolved": "https://nutanix.jfrog.io/nutanix/api/npm/npm-virtual/bytes/-/bytes-3.1.0.tgz",
      "integrity": "sha1-9s95M6Ng4FiPqf3oVlHNx/gF0fY="
    },
    "casbin": {
      "version": "2.0.4",
      "resolved": "https://nutanix.jfrog.io/nutanix/api/npm/npm-virtual/casbin/-/casbin-2.0.4.tgz",
      "integrity": "sha1-prd4s04CmL3qF9E5L61j/W4tu3M=",
      "requires": {
        "expression-eval": "^1.3.0",
        "ip": "^1.1.5",
        "lodash": "^4.17.10"
      }
    },
    "chalk": {
      "version": "1.1.3",
      "resolved": "https://nutanix.jfrog.io/nutanix/api/npm/npm-virtual/chalk/-/chalk-1.1.3.tgz",
      "integrity": "sha1-qBFcVeSnAv5NFQq9OHKCKn4J/Jg=",
      "requires": {
        "ansi-styles": "^2.2.1",
        "escape-string-regexp": "^1.0.2",
        "has-ansi": "^2.0.0",
        "strip-ansi": "^3.0.0",
        "supports-color": "^2.0.0"
      }
    },
    "commander": {
      "version": "2.20.0",
      "resolved": "https://nutanix.jfrog.io/nutanix/api/npm/npm-virtual/commander/-/commander-2.20.0.tgz",
      "integrity": "sha1-1YuytcHuj4ew00ACfp6U4iLFpCI="
    },
    "content-disposition": {
      "version": "0.5.3",
      "resolved": "https://nutanix.jfrog.io/nutanix/api/npm/npm-virtual/content-disposition/-/content-disposition-0.5.3.tgz",
      "integrity": "sha1-4TDK9+cnkIfFYWwgB9BIVpiYT70=",
      "requires": {
        "safe-buffer": "5.1.2"
      }
    },
    "content-type": {
      "version": "1.0.4",
      "resolved": "https://nutanix.jfrog.io/nutanix/api/npm/npm-virtual/content-type/-/content-type-1.0.4.tgz",
      "integrity": "sha1-4TjMdeBAxyexlm/l5fjJruJW/js="
    },
    "cookie": {
      "version": "0.4.0",
      "resolved": "https://nutanix.jfrog.io/nutanix/api/npm/npm-virtual/cookie/-/cookie-0.4.0.tgz",
      "integrity": "sha1-vrQ35wIrO21JAZ0IhmUwPr6cFLo="
    },
    "cookie-signature": {
      "version": "1.0.6",
      "resolved": "https://nutanix.jfrog.io/nutanix/api/npm/npm-virtual/cookie-signature/-/cookie-signature-1.0.6.tgz",
      "integrity": "sha1-4wOogrNCzD7oylE6eZmXNNqzriw="
    },
    "date-fns": {
      "version": "1.30.1",
      "resolved": "https://nutanix.jfrog.io/nutanix/api/npm/npm-virtual/date-fns/-/date-fns-1.30.1.tgz",
      "integrity": "sha1-LnG/CxGRU9u0zE6I2epaz7UNwFw="
    },
    "debug": {
      "version": "3.2.6",
      "resolved": "https://nutanix.jfrog.io/nutanix/api/npm/npm-virtual/debug/-/debug-3.2.6.tgz",
      "integrity": "sha1-6D0X3hbYp++3cX7b5fsQE17uYps=",
      "requires": {
        "ms": "^2.1.1"
      }
    },
    "decode-uri-component": {
      "version": "0.2.0",
      "resolved": "https://nutanix.jfrog.io/nutanix/api/npm/npm-virtual/decode-uri-component/-/decode-uri-component-0.2.0.tgz",
      "integrity": "sha1-6zkTMzRYd1y4TNGh+uBiEGu4dUU="
    },
    "depd": {
      "version": "1.1.2",
      "resolved": "https://nutanix.jfrog.io/nutanix/api/npm/npm-virtual/depd/-/depd-1.1.2.tgz",
      "integrity": "sha1-m81S4UwJd2PnSbJ0xDRu0uVgtak="
    },
    "destroy": {
      "version": "1.0.4",
      "resolved": "https://nutanix.jfrog.io/nutanix/api/npm/npm-virtual/destroy/-/destroy-1.0.4.tgz",
      "integrity": "sha1-l4hXRCxEdJ5CBmE+N5RiBYJqvYA="
    },
    "ecdsa-sig-formatter": {
      "version": "1.0.11",
      "resolved": "https://nutanix.jfrog.io/nutanix/api/npm/npm-virtual/ecdsa-sig-formatter/-/ecdsa-sig-formatter-1.0.11.tgz",
      "integrity": "sha1-rg8PothQRe8UqBfao86azQSJ5b8=",
      "requires": {
        "safe-buffer": "^5.0.1"
      }
    },
    "ee-first": {
      "version": "1.1.1",
      "resolved": "https://nutanix.jfrog.io/nutanix/api/npm/npm-virtual/ee-first/-/ee-first-1.1.1.tgz",
      "integrity": "sha1-WQxhFWsK4vTwJVcyoViyZrxWsh0="
    },
    "encodeurl": {
      "version": "1.0.2",
      "resolved": "https://nutanix.jfrog.io/nutanix/api/npm/npm-virtual/encodeurl/-/encodeurl-1.0.2.tgz",
      "integrity": "sha1-rT/0yG7C0CkyL1oCw6mmBslbP1k="
    },
    "escape-html": {
      "version": "1.0.3",
      "resolved": "https://nutanix.jfrog.io/nutanix/api/npm/npm-virtual/escape-html/-/escape-html-1.0.3.tgz",
      "integrity": "sha1-Aljq5NPQwJdN4cFpGI7wBR0dGYg="
    },
    "escape-string-regexp": {
      "version": "1.0.5",
      "resolved": "https://nutanix.jfrog.io/nutanix/api/npm/npm-virtual/escape-string-regexp/-/escape-string-regexp-1.0.5.tgz",
      "integrity": "sha1-G2HAViGQqN/2rjuyzwIAyhMLhtQ="
    },
    "esprima": {
      "version": "4.0.1",
      "resolved": "https://nutanix.jfrog.io/nutanix/api/npm/npm-virtual/esprima/-/esprima-4.0.1.tgz",
      "integrity": "sha1-E7BM2z5sXRnfkatph6hpVhmwqnE="
    },
    "etag": {
      "version": "1.8.1",
      "resolved": "https://nutanix.jfrog.io/nutanix/api/npm/npm-virtual/etag/-/etag-1.8.1.tgz",
      "integrity": "sha1-Qa4u62XvpiJorr/qg6x9eSmbCIc="
    },
    "express": {
      "version": "4.17.0",
      "resolved": "https://nutanix.jfrog.io/nutanix/api/npm/npm-virtual/express/-/express-4.17.0.tgz",
      "integrity": "sha1-KIr2IiinP0yOopkLo7eRu4fNRDg=",
      "requires": {
        "accepts": "~1.3.7",
        "array-flatten": "1.1.1",
        "body-parser": "1.19.0",
        "content-disposition": "0.5.3",
        "content-type": "~1.0.4",
        "cookie": "0.4.0",
        "cookie-signature": "1.0.6",
        "debug": "2.6.9",
        "depd": "~1.1.2",
        "encodeurl": "~1.0.2",
        "escape-html": "~1.0.3",
        "etag": "~1.8.1",
        "finalhandler": "~1.1.2",
        "fresh": "0.5.2",
        "merge-descriptors": "1.0.1",
        "methods": "~1.1.2",
        "on-finished": "~2.3.0",
        "parseurl": "~1.3.3",
        "path-to-regexp": "0.1.7",
        "proxy-addr": "~2.0.5",
        "qs": "6.7.0",
        "range-parser": "~1.2.1",
        "safe-buffer": "5.1.2",
        "send": "0.17.1",
        "serve-static": "1.14.1",
        "setprototypeof": "1.1.1",
        "statuses": "~1.5.0",
        "type-is": "~1.6.18",
        "utils-merge": "1.0.1",
        "vary": "~1.1.2"
      },
      "dependencies": {
        "debug": {
          "version": "2.6.9",
          "resolved": "https://nutanix.jfrog.io/nutanix/api/npm/npm-virtual/debug/-/debug-2.6.9.tgz",
          "integrity": "sha1-XRKFFd8TT/Mn6QpMk/Tgd6U2NB8=",
          "requires": {
            "ms": "2.0.0"
          }
        },
        "ms": {
          "version": "2.0.0",
          "resolved": "https://nutanix.jfrog.io/nutanix/api/npm/npm-virtual/ms/-/ms-2.0.0.tgz",
          "integrity": "sha1-VgiurfwAvmwpAd9fmGF4jeDVl8g="
        }
      }
    },
    "express-async-handler": {
      "version": "1.1.4",
      "resolved": "https://nutanix.jfrog.io/nutanix/api/npm/npm-virtual/express-async-handler/-/express-async-handler-1.1.4.tgz",
      "integrity": "sha1-IlqEkI32OzWunflLbw8a8GEmZCY="
    },
    "express-swaggerize-ui": {
      "version": "1.1.0",
      "resolved": "https://nutanix.jfrog.io/nutanix/api/npm/npm-virtual/express-swaggerize-ui/-/express-swaggerize-ui-1.1.0.tgz",
      "integrity": "sha1-HTpyqiflc9bOXuDJmUVvoaUvp3k=",
      "requires": {
        "express": "^4.13.3"
      }
    },
    "expression-eval": {
      "version": "1.4.0",
      "resolved": "https://nutanix.jfrog.io/nutanix/api/npm/npm-virtual/expression-eval/-/expression-eval-1.4.0.tgz",
      "integrity": "sha1-PiUMEQ/5u2YG0MitDsuWAOOI920=",
      "requires": {
        "jsep": "^0.3.0"
      }
    },
    "finalhandler": {
      "version": "1.1.2",
      "resolved": "https://nutanix.jfrog.io/nutanix/api/npm/npm-virtual/finalhandler/-/finalhandler-1.1.2.tgz",
      "integrity": "sha1-t+fQAP/RGTjQ/bBTUG9uur6fWH0=",
      "requires": {
        "debug": "2.6.9",
        "encodeurl": "~1.0.2",
        "escape-html": "~1.0.3",
        "on-finished": "~2.3.0",
        "parseurl": "~1.3.3",
        "statuses": "~1.5.0",
        "unpipe": "~1.0.0"
      },
      "dependencies": {
        "debug": {
          "version": "2.6.9",
          "resolved": "https://nutanix.jfrog.io/nutanix/api/npm/npm-virtual/debug/-/debug-2.6.9.tgz",
          "integrity": "sha1-XRKFFd8TT/Mn6QpMk/Tgd6U2NB8=",
          "requires": {
            "ms": "2.0.0"
          }
        },
        "ms": {
          "version": "2.0.0",
          "resolved": "https://nutanix.jfrog.io/nutanix/api/npm/npm-virtual/ms/-/ms-2.0.0.tgz",
          "integrity": "sha1-VgiurfwAvmwpAd9fmGF4jeDVl8g="
        }
      }
    },
    "follow-redirects": {
      "version": "1.7.0",
      "resolved": "https://nutanix.jfrog.io/nutanix/api/npm/npm-virtual/follow-redirects/-/follow-redirects-1.7.0.tgz",
      "integrity": "sha1-SJ68GY3A5/ZBZ70jsDxMGbV4THY=",
      "requires": {
        "debug": "^3.2.6"
      }
    },
    "forwarded": {
      "version": "0.1.2",
      "resolved": "https://nutanix.jfrog.io/nutanix/api/npm/npm-virtual/forwarded/-/forwarded-0.1.2.tgz",
      "integrity": "sha1-mMI9qxF1ZXuMBXPozszZGw/xjIQ="
    },
    "fresh": {
      "version": "0.5.2",
      "resolved": "https://nutanix.jfrog.io/nutanix/api/npm/npm-virtual/fresh/-/fresh-0.5.2.tgz",
      "integrity": "sha1-PYyt2Q2XZWn6g1qx+OSyOhBWBac="
    },
    "has-ansi": {
      "version": "2.0.0",
      "resolved": "https://nutanix.jfrog.io/nutanix/api/npm/npm-virtual/has-ansi/-/has-ansi-2.0.0.tgz",
      "integrity": "sha1-NPUEnOHs3ysGSa8+8k5F7TVBbZE=",
      "requires": {
        "ansi-regex": "^2.0.0"
      }
    },
    "hoek": {
      "version": "5.0.4",
      "resolved": "https://nutanix.jfrog.io/nutanix/api/npm/npm-virtual/hoek/-/hoek-5.0.4.tgz",
      "integrity": "sha1-D3+icKHK/rNkpLLd+qM/hk5BV9o="
    },
    "http-errors": {
      "version": "1.7.2",
      "resolved": "https://nutanix.jfrog.io/nutanix/api/npm/npm-virtual/http-errors/-/http-errors-1.7.2.tgz",
      "integrity": "sha1-T1ApzxMjnzEDblsuVSkrz7zIXI8=",
      "requires": {
        "depd": "~1.1.2",
        "inherits": "2.0.3",
        "setprototypeof": "1.1.1",
        "statuses": ">= 1.5.0 < 2",
        "toidentifier": "1.0.0"
      }
    },
    "iconv-lite": {
      "version": "0.4.24",
      "resolved": "https://nutanix.jfrog.io/nutanix/api/npm/npm-virtual/iconv-lite/-/iconv-lite-0.4.24.tgz",
      "integrity": "sha1-ICK0sl+93CHS9SSXSkdKr+czkIs=",
      "requires": {
        "safer-buffer": ">= 2.1.2 < 3"
      }
    },
    "inherits": {
      "version": "2.0.3",
      "resolved": "https://nutanix.jfrog.io/nutanix/api/npm/npm-virtual/inherits/-/inherits-2.0.3.tgz",
      "integrity": "sha1-Yzwsg+PaQqUC9SRmAiSA9CCCYd4="
    },
    "ip": {
      "version": "1.1.5",
      "resolved": "https://nutanix.jfrog.io/nutanix/api/npm/npm-virtual/ip/-/ip-1.1.5.tgz",
      "integrity": "sha1-vd7XARQpCCjAoDnnLvJfWq7ENUo="
    },
    "ipaddr.js": {
      "version": "1.9.0",
      "resolved": "https://nutanix.jfrog.io/nutanix/api/npm/npm-virtual/ipaddr.js/-/ipaddr.js-1.9.0.tgz",
      "integrity": "sha1-N9905DCg5HVQ/lSi3v4w2KzZX2U="
    },
    "is-buffer": {
      "version": "1.1.6",
      "resolved": "https://nutanix.jfrog.io/nutanix/api/npm/npm-virtual/is-buffer/-/is-buffer-1.1.6.tgz",
      "integrity": "sha1-76ouqdqg16suoTqXsritUf776L4="
    },
    "isemail": {
      "version": "3.2.0",
      "resolved": "https://nutanix.jfrog.io/nutanix/api/npm/npm-virtual/isemail/-/isemail-3.2.0.tgz",
      "integrity": "sha1-WTEKAhkxqfsGu7UeFVzgs/I2gyw=",
      "requires": {
        "punycode": "2.x.x"
      }
    },
    "joi": {
      "version": "13.7.0",
      "resolved": "https://nutanix.jfrog.io/nutanix/api/npm/npm-virtual/joi/-/joi-13.7.0.tgz",
      "integrity": "sha1-z9hev+Z+ihkAQyQAtNA7vZP7h58=",
      "requires": {
        "hoek": "5.x.x",
        "isemail": "3.x.x",
        "topo": "3.x.x"
      }
    },
    "js-yaml": {
      "version": "3.13.1",
      "resolved": "https://nutanix.jfrog.io/nutanix/api/npm/npm-virtual/js-yaml/-/js-yaml-3.13.1.tgz",
      "integrity": "sha1-r/FRswv9+o5J4F2iLnQV6d+jeEc=",
      "requires": {
        "argparse": "^1.0.7",
        "esprima": "^4.0.0"
      }
    },
    "jsep": {
      "version": "0.3.4",
      "resolved": "https://nutanix.jfrog.io/nutanix/api/npm/npm-virtual/jsep/-/jsep-0.3.4.tgz",
      "integrity": "sha1-VevUQAxcWGHLH/lJp6TNl/yqyqA="
    },
    "jsonwebtoken": {
      "version": "8.5.1",
      "resolved": "https://nutanix.jfrog.io/nutanix/api/npm/npm-virtual/jsonwebtoken/-/jsonwebtoken-8.5.1.tgz",
      "integrity": "sha1-AOceC431TCEhofJhN98igGc7zA0=",
      "requires": {
        "jws": "^3.2.2",
        "lodash.includes": "^4.3.0",
        "lodash.isboolean": "^3.0.3",
        "lodash.isinteger": "^4.0.4",
        "lodash.isnumber": "^3.0.3",
        "lodash.isplainobject": "^4.0.6",
        "lodash.isstring": "^4.0.1",
        "lodash.once": "^4.0.0",
        "ms": "^2.1.1",
        "semver": "^5.6.0"
      }
    },
    "jwa": {
      "version": "1.4.1",
      "resolved": "https://nutanix.jfrog.io/nutanix/api/npm/npm-virtual/jwa/-/jwa-1.4.1.tgz",
      "integrity": "sha1-dDwymFy56YZVUw1TZBtmyGRbA5o=",
      "requires": {
        "buffer-equal-constant-time": "1.0.1",
        "ecdsa-sig-formatter": "1.0.11",
        "safe-buffer": "^5.0.1"
      }
    },
    "jws": {
      "version": "3.2.2",
      "resolved": "https://nutanix.jfrog.io/nutanix/api/npm/npm-virtual/jws/-/jws-3.2.2.tgz",
      "integrity": "sha1-ABCZ82OUaMlBQADpmZX6UvtHgwQ=",
      "requires": {
        "jwa": "^1.4.1",
        "safe-buffer": "^5.0.1"
      }
    },
    "lodash": {
      "version": "4.17.20",
      "resolved": "https://registry.npmjs.org/lodash/-/lodash-4.17.20.tgz",
      "integrity": "sha512-PlhdFcillOINfeV7Ni6oF1TAEayyZBoZ8bcshTHqOYJYlrqzRK5hagpagky5o4HfCzzd1TRkXPMFq6cKk9rGmA=="
    },
    "lodash.includes": {
      "version": "4.3.0",
      "resolved": "https://nutanix.jfrog.io/nutanix/api/npm/npm-virtual/lodash.includes/-/lodash.includes-4.3.0.tgz",
      "integrity": "sha1-YLuYqHy5I8aMoeUTJUgzFISfVT8="
    },
    "lodash.isboolean": {
      "version": "3.0.3",
      "resolved": "https://nutanix.jfrog.io/nutanix/api/npm/npm-virtual/lodash.isboolean/-/lodash.isboolean-3.0.3.tgz",
      "integrity": "sha1-bC4XHbKiV82WgC/UOwGyDV9YcPY="
    },
    "lodash.isinteger": {
      "version": "4.0.4",
      "resolved": "https://nutanix.jfrog.io/nutanix/api/npm/npm-virtual/lodash.isinteger/-/lodash.isinteger-4.0.4.tgz",
      "integrity": "sha1-YZwK89A/iwTDH1iChAt3sRzWg0M="
    },
    "lodash.isnumber": {
      "version": "3.0.3",
      "resolved": "https://nutanix.jfrog.io/nutanix/api/npm/npm-virtual/lodash.isnumber/-/lodash.isnumber-3.0.3.tgz",
      "integrity": "sha1-POdoEMWSjQM1IwGsKHMX8RwLH/w="
    },
    "lodash.isplainobject": {
      "version": "4.0.6",
      "resolved": "https://nutanix.jfrog.io/nutanix/api/npm/npm-virtual/lodash.isplainobject/-/lodash.isplainobject-4.0.6.tgz",
      "integrity": "sha1-fFJqUtibRcRcxpC4gWO+BJf1UMs="
    },
    "lodash.isstring": {
      "version": "4.0.1",
      "resolved": "https://nutanix.jfrog.io/nutanix/api/npm/npm-virtual/lodash.isstring/-/lodash.isstring-4.0.1.tgz",
      "integrity": "sha1-1SfftUVuynzJu5XV2ur4i6VKVFE="
    },
    "lodash.once": {
      "version": "4.1.1",
      "resolved": "https://nutanix.jfrog.io/nutanix/api/npm/npm-virtual/lodash.once/-/lodash.once-4.1.1.tgz",
      "integrity": "sha1-DdOXEhPHxW34gJd9UEyI+0cal6w="
    },
    "media-typer": {
      "version": "0.3.0",
      "resolved": "https://nutanix.jfrog.io/nutanix/api/npm/npm-virtual/media-typer/-/media-typer-0.3.0.tgz",
      "integrity": "sha1-hxDXrwqmJvj/+hzgAWhUUmMlV0g="
    },
    "memory-pager": {
      "version": "1.5.0",
      "resolved": "https://nutanix.jfrog.io/nutanix/api/npm/npm-virtual/memory-pager/-/memory-pager-1.5.0.tgz",
      "integrity": "sha1-2HUWVdItOEaCdByXLyw9bfo+ZrU=",
      "optional": true
    },
    "merge-descriptors": {
      "version": "1.0.1",
      "resolved": "https://nutanix.jfrog.io/nutanix/api/npm/npm-virtual/merge-descriptors/-/merge-descriptors-1.0.1.tgz",
      "integrity": "sha1-sAqqVW3YtEVoFQ7J0blT8/kMu2E="
    },
    "methods": {
      "version": "1.1.2",
      "resolved": "https://nutanix.jfrog.io/nutanix/api/npm/npm-virtual/methods/-/methods-1.1.2.tgz",
      "integrity": "sha1-VSmk1nZUE07cxSZmVoNbD4Ua/O4="
    },
    "mime": {
      "version": "1.6.0",
      "resolved": "https://nutanix.jfrog.io/nutanix/api/npm/npm-virtual/mime/-/mime-1.6.0.tgz",
      "integrity": "sha1-Ms2eXGRVO9WNGaVor0Uqz/BJgbE="
    },
    "mime-db": {
      "version": "1.40.0",
      "resolved": "https://nutanix.jfrog.io/nutanix/api/npm/npm-virtual/mime-db/-/mime-db-1.40.0.tgz",
      "integrity": "sha1-plBX6ZjbCQ9zKmj2wnbTh9QSbDI="
    },
    "mime-types": {
      "version": "2.1.24",
      "resolved": "https://nutanix.jfrog.io/nutanix/api/npm/npm-virtual/mime-types/-/mime-types-2.1.24.tgz",
      "integrity": "sha1-tvjQs+lR77d97eyhlM/20W9nb4E=",
      "requires": {
        "mime-db": "1.40.0"
      }
    },
    "mongo-dot-notation-tool": {
      "version": "1.0.1",
      "resolved": "https://nutanix.jfrog.io/nutanix/api/npm/npm-virtual/mongo-dot-notation-tool/-/mongo-dot-notation-tool-1.0.1.tgz",
      "integrity": "sha1-2Fq2Zt0K9cf6GGxg5hQLRcMIeJo="
    },
    "mongodb": {
      "version": "3.2.5",
      "resolved": "https://nutanix.jfrog.io/nutanix/api/npm/npm-virtual/mongodb/-/mongodb-3.2.5.tgz",
      "integrity": "sha1-NtmFDk9etA5LxVG/O9kfYB1IJMQ=",
      "requires": {
        "mongodb-core": "3.2.5",
        "safe-buffer": "^5.1.2"
      }
    },
    "mongodb-core": {
      "version": "3.2.5",
      "resolved": "https://nutanix.jfrog.io/nutanix/api/npm/npm-virtual/mongodb-core/-/mongodb-core-3.2.5.tgz",
      "integrity": "sha1-CPnHj0S7pqItBP07zmuyV9gsfTU=",
      "requires": {
        "bson": "^1.1.1",
        "require_optional": "^1.0.1",
        "safe-buffer": "^5.1.2",
        "saslprep": "^1.0.0"
      }
    },
    "morgan": {
      "version": "1.9.1",
      "resolved": "https://nutanix.jfrog.io/nutanix/api/npm/npm-virtual/morgan/-/morgan-1.9.1.tgz",
      "integrity": "sha1-Co0Wc0odmvvIJLmd+H5zjlji2lk=",
      "requires": {
        "basic-auth": "~2.0.0",
        "debug": "2.6.9",
        "depd": "~1.1.2",
        "on-finished": "~2.3.0",
        "on-headers": "~1.0.1"
      },
      "dependencies": {
        "debug": {
          "version": "2.6.9",
          "resolved": "https://nutanix.jfrog.io/nutanix/api/npm/npm-virtual/debug/-/debug-2.6.9.tgz",
          "integrity": "sha1-XRKFFd8TT/Mn6QpMk/Tgd6U2NB8=",
          "requires": {
            "ms": "2.0.0"
          }
        },
        "ms": {
          "version": "2.0.0",
          "resolved": "https://nutanix.jfrog.io/nutanix/api/npm/npm-virtual/ms/-/ms-2.0.0.tgz",
          "integrity": "sha1-VgiurfwAvmwpAd9fmGF4jeDVl8g="
        }
      }
    },
    "ms": {
      "version": "2.1.1",
      "resolved": "https://nutanix.jfrog.io/nutanix/api/npm/npm-virtual/ms/-/ms-2.1.1.tgz",
      "integrity": "sha1-MKWGTrPrsKZvLr5tcnrwagnYbgo="
    },
    "negotiator": {
      "version": "0.6.2",
      "resolved": "https://nutanix.jfrog.io/nutanix/api/npm/npm-virtual/negotiator/-/negotiator-0.6.2.tgz",
      "integrity": "sha1-/qz3zPUlp3rpY0Q2pkiD/+yjRvs="
    },
    "on-finished": {
      "version": "2.3.0",
      "resolved": "https://nutanix.jfrog.io/nutanix/api/npm/npm-virtual/on-finished/-/on-finished-2.3.0.tgz",
      "integrity": "sha1-IPEzZIGwg811M3mSoWlxqi2QaUc=",
      "requires": {
        "ee-first": "1.1.1"
      }
    },
    "on-headers": {
      "version": "1.0.2",
      "resolved": "https://nutanix.jfrog.io/nutanix/api/npm/npm-virtual/on-headers/-/on-headers-1.0.2.tgz",
      "integrity": "sha1-dysK5qqlJcOZ5Imt+tkMQD6zwo8="
    },
    "papiea-core": {
      "version": "1.0.1",
      "resolved": "https://nutanix.jfrog.io/nutanix/api/npm/npm-virtual/papiea-core/-/papiea-core-1.0.1.tgz",
      "integrity": "sha1-9X8zw0y/+QBXrL4MBfwWazeDAiE=",
      "requires": {
        "@types/express": "^4.16.0",
        "@types/js-yaml": "^3.11.4",
        "@types/lodash": "^4.14.123",
        "@types/mongodb": "^3.1.17",
        "@types/morgan": "^1.7.35",
        "@types/node": "^10.12.9",
        "@types/uuid": "^3.4.4",
        "axios": "^0.18.0",
        "casbin": "^2.0.1",
        "express": "^4.16.4",
        "express-async-handler": "^1.1.4",
        "express-swaggerize-ui": "^1.0.3",
        "js-yaml": "^3.12.0",
        "jsonwebtoken": "^8.5.1",
        "lodash": "^4.17.11",
        "mongo-dot-notation-tool": "^1.0.1",
        "mongodb": "^3.1.10",
        "morgan": "^1.9.1",
        "pluralize": "^7.0.0",
        "query-string": "^6.2.0",
        "simple-oauth2": "^2.2.1",
        "swagger-model-validator": "^3.0.6",
        "uuid": "^3.3.2",
        "uuid-validate": "0.0.3",
        "wait-port": "^0.2.2"
      }
    },
    "parseurl": {
      "version": "1.3.3",
      "resolved": "https://nutanix.jfrog.io/nutanix/api/npm/npm-virtual/parseurl/-/parseurl-1.3.3.tgz",
      "integrity": "sha1-naGee+6NEt/wUT7Vt2lXeTvC6NQ="
    },
    "path-to-regexp": {
      "version": "0.1.7",
      "resolved": "https://nutanix.jfrog.io/nutanix/api/npm/npm-virtual/path-to-regexp/-/path-to-regexp-0.1.7.tgz",
      "integrity": "sha1-32BBeABfUi8V60SQ5yR6G/qmf4w="
    },
    "pluralize": {
      "version": "7.0.0",
      "resolved": "https://nutanix.jfrog.io/nutanix/api/npm/npm-virtual/pluralize/-/pluralize-7.0.0.tgz",
      "integrity": "sha1-KYuJ34uTsCIdv0Ia0rGx6iP8Z3c="
    },
    "proxy-addr": {
      "version": "2.0.5",
      "resolved": "https://nutanix.jfrog.io/nutanix/api/npm/npm-virtual/proxy-addr/-/proxy-addr-2.0.5.tgz",
      "integrity": "sha1-NMvWSi2B9LH9IedvnwbIpFKZ7jQ=",
      "requires": {
        "forwarded": "~0.1.2",
        "ipaddr.js": "1.9.0"
      }
    },
    "punycode": {
      "version": "2.1.1",
      "resolved": "https://nutanix.jfrog.io/nutanix/api/npm/npm-virtual/punycode/-/punycode-2.1.1.tgz",
      "integrity": "sha1-tYsBCsQMIsVldhbI0sLALHv0eew="
    },
    "qs": {
      "version": "6.7.0",
      "resolved": "https://nutanix.jfrog.io/nutanix/api/npm/npm-virtual/qs/-/qs-6.7.0.tgz",
      "integrity": "sha1-QdwaAV49WB8WIXdr4xr7KHapsbw="
    },
    "query-string": {
      "version": "6.5.0",
      "resolved": "https://nutanix.jfrog.io/nutanix/api/npm/npm-virtual/query-string/-/query-string-6.5.0.tgz",
      "integrity": "sha1-LhpwElrwH28EVzaS0CwJMCodi/w=",
      "requires": {
        "decode-uri-component": "^0.2.0",
        "split-on-first": "^1.0.0",
        "strict-uri-encode": "^2.0.0"
      }
    },
    "range-parser": {
      "version": "1.2.1",
      "resolved": "https://nutanix.jfrog.io/nutanix/api/npm/npm-virtual/range-parser/-/range-parser-1.2.1.tgz",
      "integrity": "sha1-PPNwI9GZ4cJNGlW4SADC8+ZGgDE="
    },
    "raw-body": {
      "version": "2.4.0",
      "resolved": "https://nutanix.jfrog.io/nutanix/api/npm/npm-virtual/raw-body/-/raw-body-2.4.0.tgz",
      "integrity": "sha1-oc5vucm8NWylLoklarWQWeE9AzI=",
      "requires": {
        "bytes": "3.1.0",
        "http-errors": "1.7.2",
        "iconv-lite": "0.4.24",
        "unpipe": "1.0.0"
      }
    },
    "require_optional": {
      "version": "1.0.1",
      "resolved": "https://nutanix.jfrog.io/nutanix/api/npm/npm-virtual/require_optional/-/require_optional-1.0.1.tgz",
      "integrity": "sha1-TPNaQkf2TKPfjC7yCMxJSxyo/C4=",
      "requires": {
        "resolve-from": "^2.0.0",
        "semver": "^5.1.0"
      }
    },
    "resolve-from": {
      "version": "2.0.0",
      "resolved": "https://nutanix.jfrog.io/nutanix/api/npm/npm-virtual/resolve-from/-/resolve-from-2.0.0.tgz",
      "integrity": "sha1-lICrIOlP+h2egKgEx+oUdhGWa1c="
    },
    "safe-buffer": {
      "version": "5.1.2",
      "resolved": "https://nutanix.jfrog.io/nutanix/api/npm/npm-virtual/safe-buffer/-/safe-buffer-5.1.2.tgz",
      "integrity": "sha1-mR7GnSluAxN0fVm9/St0XDX4go0="
    },
    "safer-buffer": {
      "version": "2.1.2",
      "resolved": "https://nutanix.jfrog.io/nutanix/api/npm/npm-virtual/safer-buffer/-/safer-buffer-2.1.2.tgz",
      "integrity": "sha1-RPoWGwGHuVSd2Eu5GAL5vYOFzWo="
    },
    "saslprep": {
      "version": "1.0.3",
      "resolved": "https://nutanix.jfrog.io/nutanix/api/npm/npm-virtual/saslprep/-/saslprep-1.0.3.tgz",
      "integrity": "sha1-TAL5RrVs9UKX40e6EJPnrKxM8iY=",
      "optional": true,
      "requires": {
        "sparse-bitfield": "^3.0.3"
      }
    },
    "semver": {
      "version": "5.7.0",
      "resolved": "https://nutanix.jfrog.io/nutanix/api/npm/npm-virtual/semver/-/semver-5.7.0.tgz",
      "integrity": "sha1-eQp89v6lRZuslhELKbYEEtyP+Ws="
    },
    "send": {
      "version": "0.17.1",
      "resolved": "https://nutanix.jfrog.io/nutanix/api/npm/npm-virtual/send/-/send-0.17.1.tgz",
      "integrity": "sha1-wdiwWfeQD3Rm3Uk4vcROEd2zdsg=",
      "requires": {
        "debug": "2.6.9",
        "depd": "~1.1.2",
        "destroy": "~1.0.4",
        "encodeurl": "~1.0.2",
        "escape-html": "~1.0.3",
        "etag": "~1.8.1",
        "fresh": "0.5.2",
        "http-errors": "~1.7.2",
        "mime": "1.6.0",
        "ms": "2.1.1",
        "on-finished": "~2.3.0",
        "range-parser": "~1.2.1",
        "statuses": "~1.5.0"
      },
      "dependencies": {
        "debug": {
          "version": "2.6.9",
          "resolved": "https://nutanix.jfrog.io/nutanix/api/npm/npm-virtual/debug/-/debug-2.6.9.tgz",
          "integrity": "sha1-XRKFFd8TT/Mn6QpMk/Tgd6U2NB8=",
          "requires": {
            "ms": "2.0.0"
          },
          "dependencies": {
            "ms": {
              "version": "2.0.0",
              "resolved": "https://nutanix.jfrog.io/nutanix/api/npm/npm-virtual/ms/-/ms-2.0.0.tgz",
              "integrity": "sha1-VgiurfwAvmwpAd9fmGF4jeDVl8g="
            }
          }
        }
      }
    },
    "serve-static": {
      "version": "1.14.1",
      "resolved": "https://nutanix.jfrog.io/nutanix/api/npm/npm-virtual/serve-static/-/serve-static-1.14.1.tgz",
      "integrity": "sha1-Zm5jbcTwEPfvKZcKiKZ0MgiYsvk=",
      "requires": {
        "encodeurl": "~1.0.2",
        "escape-html": "~1.0.3",
        "parseurl": "~1.3.3",
        "send": "0.17.1"
      }
    },
    "setprototypeof": {
      "version": "1.1.1",
      "resolved": "https://nutanix.jfrog.io/nutanix/api/npm/npm-virtual/setprototypeof/-/setprototypeof-1.1.1.tgz",
      "integrity": "sha1-fpWsskqpL1iF4KvvW6ExMw1K5oM="
    },
    "simple-oauth2": {
      "version": "2.2.1",
      "resolved": "https://nutanix.jfrog.io/nutanix/api/npm/npm-virtual/simple-oauth2/-/simple-oauth2-2.2.1.tgz",
      "integrity": "sha1-wdIBM9Cwh70BxuM+MaVtcO5RlNE=",
      "requires": {
        "date-fns": "^1.3.0",
        "debug": "^3.1.0",
        "joi": "^13.0.2",
        "wreck": "^14.0.2"
      }
    },
    "sparse-bitfield": {
      "version": "3.0.3",
      "resolved": "https://nutanix.jfrog.io/nutanix/api/npm/npm-virtual/sparse-bitfield/-/sparse-bitfield-3.0.3.tgz",
      "integrity": "sha1-/0rm5oZWBWuks+eSqzM004JzyhE=",
      "optional": true,
      "requires": {
        "memory-pager": "^1.0.2"
      }
    },
    "split-on-first": {
      "version": "1.1.0",
      "resolved": "https://nutanix.jfrog.io/nutanix/api/npm/npm-virtual/split-on-first/-/split-on-first-1.1.0.tgz",
      "integrity": "sha1-9hCv7uOxK84dDDBCXnY5i3gkml8="
    },
    "sprintf-js": {
      "version": "1.0.3",
      "resolved": "https://nutanix.jfrog.io/nutanix/api/npm/npm-virtual/sprintf-js/-/sprintf-js-1.0.3.tgz",
      "integrity": "sha1-BOaSb2YolTVPPdAVIDYzuFcpfiw="
    },
    "statuses": {
      "version": "1.5.0",
      "resolved": "https://nutanix.jfrog.io/nutanix/api/npm/npm-virtual/statuses/-/statuses-1.5.0.tgz",
      "integrity": "sha1-Fhx9rBd2Wf2YEfQ3cfqZOBR4Yow="
    },
    "strict-uri-encode": {
      "version": "2.0.0",
      "resolved": "https://nutanix.jfrog.io/nutanix/api/npm/npm-virtual/strict-uri-encode/-/strict-uri-encode-2.0.0.tgz",
      "integrity": "sha1-ucczDHBChi9rFC3CdLvMWGbONUY="
    },
    "strip-ansi": {
      "version": "3.0.1",
      "resolved": "https://nutanix.jfrog.io/nutanix/api/npm/npm-virtual/strip-ansi/-/strip-ansi-3.0.1.tgz",
      "integrity": "sha1-ajhfuIU9lS1f8F0Oiq+UJ43GPc8=",
      "requires": {
        "ansi-regex": "^2.0.0"
      }
    },
    "supports-color": {
      "version": "2.0.0",
      "resolved": "https://nutanix.jfrog.io/nutanix/api/npm/npm-virtual/supports-color/-/supports-color-2.0.0.tgz",
      "integrity": "sha1-U10EXOa2Nj+kARcIRimZXp3zJMc="
    },
    "swagger-model-validator": {
      "version": "3.0.10",
      "resolved": "https://nutanix.jfrog.io/nutanix/api/npm/npm-virtual/swagger-model-validator/-/swagger-model-validator-3.0.10.tgz",
      "integrity": "sha1-hBjYlJ5KSk3Q+IBYDGGrFbi4zTg="
    },
    "toidentifier": {
      "version": "1.0.0",
      "resolved": "https://nutanix.jfrog.io/nutanix/api/npm/npm-virtual/toidentifier/-/toidentifier-1.0.0.tgz",
      "integrity": "sha1-fhvjRw8ed5SLxD2Uo8j013UrpVM="
    },
    "topo": {
      "version": "3.0.3",
      "resolved": "https://nutanix.jfrog.io/nutanix/api/npm/npm-virtual/topo/-/topo-3.0.3.tgz",
      "integrity": "sha1-1aZ/suaTB+vusIQC7Coqb1962Vw=",
      "requires": {
        "hoek": "6.x.x"
      },
      "dependencies": {
        "hoek": {
          "version": "6.1.3",
          "resolved": "https://nutanix.jfrog.io/nutanix/api/npm/npm-virtual/hoek/-/hoek-6.1.3.tgz",
          "integrity": "sha1-c7fTOVLgH+J6OLBFcpS3ndjaJCw="
        }
      }
    },
    "type-is": {
      "version": "1.6.18",
      "resolved": "https://nutanix.jfrog.io/nutanix/api/npm/npm-virtual/type-is/-/type-is-1.6.18.tgz",
      "integrity": "sha1-TlUs0F3wlGfcvE73Od6J8s83wTE=",
      "requires": {
        "media-typer": "0.3.0",
        "mime-types": "~2.1.24"
      }
    },
    "typescript": {
      "version": "3.4.5",
      "resolved": "https://nutanix.jfrog.io/nutanix/api/npm/npm-virtual/typescript/-/typescript-3.4.5.tgz",
      "integrity": "sha1-LSYY0Qu1ZlcrjXqtUYDYQlfXCpk=",
      "dev": true
    },
    "unpipe": {
      "version": "1.0.0",
      "resolved": "https://nutanix.jfrog.io/nutanix/api/npm/npm-virtual/unpipe/-/unpipe-1.0.0.tgz",
      "integrity": "sha1-sr9O6FFKrmFltIF4KdIbLvSZBOw="
    },
    "utils-merge": {
      "version": "1.0.1",
      "resolved": "https://nutanix.jfrog.io/nutanix/api/npm/npm-virtual/utils-merge/-/utils-merge-1.0.1.tgz",
      "integrity": "sha1-n5VxD1CiZ5R7LMwSR0HBAoQn5xM="
    },
    "uuid": {
      "version": "3.3.2",
      "resolved": "https://nutanix.jfrog.io/nutanix/api/npm/npm-virtual/uuid/-/uuid-3.3.2.tgz",
      "integrity": "sha1-G0r0lV6zB3xQHCOHL8ZROBFYcTE="
    },
    "uuid-validate": {
      "version": "0.0.3",
      "resolved": "https://nutanix.jfrog.io/nutanix/api/npm/npm-virtual/uuid-validate/-/uuid-validate-0.0.3.tgz",
      "integrity": "sha1-4wYX913HQqDk+VASoRVA+vnTmrQ="
    },
    "vary": {
      "version": "1.1.2",
      "resolved": "https://nutanix.jfrog.io/nutanix/api/npm/npm-virtual/vary/-/vary-1.1.2.tgz",
      "integrity": "sha1-IpnwLG3tMNSllhsLn3RSShj2NPw="
    },
    "wait-port": {
      "version": "0.2.2",
      "resolved": "https://nutanix.jfrog.io/nutanix/api/npm/npm-virtual/wait-port/-/wait-port-0.2.2.tgz",
      "integrity": "sha1-1RpJHkhKF791qUfnEaLwErTm8uM=",
      "requires": {
        "chalk": "^1.1.3",
        "commander": "^2.9.0",
        "debug": "^2.6.6"
      },
      "dependencies": {
        "debug": {
          "version": "2.6.9",
          "resolved": "https://nutanix.jfrog.io/nutanix/api/npm/npm-virtual/debug/-/debug-2.6.9.tgz",
          "integrity": "sha1-XRKFFd8TT/Mn6QpMk/Tgd6U2NB8=",
          "requires": {
            "ms": "2.0.0"
          }
        },
        "ms": {
          "version": "2.0.0",
          "resolved": "https://nutanix.jfrog.io/nutanix/api/npm/npm-virtual/ms/-/ms-2.0.0.tgz",
          "integrity": "sha1-VgiurfwAvmwpAd9fmGF4jeDVl8g="
        }
      }
    },
    "wreck": {
      "version": "14.2.0",
      "resolved": "https://nutanix.jfrog.io/nutanix/api/npm/npm-virtual/wreck/-/wreck-14.2.0.tgz",
      "integrity": "sha1-AGSluTD8Z19Xgwwf0oNC2hpwsPw=",
      "requires": {
        "boom": "7.x.x",
        "bourne": "1.x.x",
        "hoek": "6.x.x"
      },
      "dependencies": {
        "hoek": {
          "version": "6.1.3",
          "resolved": "https://nutanix.jfrog.io/nutanix/api/npm/npm-virtual/hoek/-/hoek-6.1.3.tgz",
          "integrity": "sha1-c7fTOVLgH+J6OLBFcpS3ndjaJCw="
        }
      }
    }
  }
}
